
Microsoft Visual Studio Solution File, Format Version 12.00
# Visual Studio Version 17
VisualStudioVersion = 17.5.002.0
MinimumVisualStudioVersion = 10.0.40219.1
Project("{9A19103F-16F7-4668-BE54-9A1E7A4F7556}") = "IMCProject", "IMCProject\IMCProject.csproj", "{438B6F63-7EA6-46A1-8ED6-96B865FB34CF}"
EndProject
Project("{FAE04EC0-301F-11D3-BF4B-00C04F79EFBC}") = "Calculadora", "Calculadora\Calculadora.csproj", "{60CC63D8-C0E9-4436-9A45-05FAE99FE784}"
EndProject
Project("{FAE04EC0-301F-11D3-BF4B-00C04F79EFBC}") = "PessoaProgram", "PessoaProgram\PessoaProgram.csproj", "{B8CD38C4-856B-4B5B-8CC3-E47A289A0426}"
EndProject
Global
	GlobalSection(SolutionConfigurationPlatforms) = preSolution
		Debug|Any CPU = Debug|Any CPU
		Release|Any CPU = Release|Any CPU
	EndGlobalSection
	GlobalSection(ProjectConfigurationPlatforms) = postSolution
		{438B6F63-7EA6-46A1-8ED6-96B865FB34CF}.Debug|Any CPU.ActiveCfg = Debug|Any CPU
		{438B6F63-7EA6-46A1-8ED6-96B865FB34CF}.Debug|Any CPU.Build.0 = Debug|Any CPU
		{438B6F63-7EA6-46A1-8ED6-96B865FB34CF}.Release|Any CPU.ActiveCfg = Release|Any CPU
		{438B6F63-7EA6-46A1-8ED6-96B865FB34CF}.Release|Any CPU.Build.0 = Release|Any CPU
		{60CC63D8-C0E9-4436-9A45-05FAE99FE784}.Debug|Any CPU.ActiveCfg = Debug|Any CPU
		{60CC63D8-C0E9-4436-9A45-05FAE99FE784}.Debug|Any CPU.Build.0 = Debug|Any CPU
		{60CC63D8-C0E9-4436-9A45-05FAE99FE784}.Release|Any CPU.ActiveCfg = Release|Any CPU
		{60CC63D8-C0E9-4436-9A45-05FAE99FE784}.Release|Any CPU.Build.0 = Release|Any CPU
		{B8CD38C4-856B-4B5B-8CC3-E47A289A0426}.Debug|Any CPU.ActiveCfg = Debug|Any CPU
		{B8CD38C4-856B-4B5B-8CC3-E47A289A0426}.Debug|Any CPU.Build.0 = Debug|Any CPU
		{B8CD38C4-856B-4B5B-8CC3-E47A289A0426}.Release|Any CPU.ActiveCfg = Release|Any CPU
		{B8CD38C4-856B-4B5B-8CC3-E47A289A0426}.Release|Any CPU.Build.0 = Release|Any CPU
	EndGlobalSection
	GlobalSection(SolutionProperties) = preSolution
		HideSolutionNode = FALSE
	EndGlobalSection
	GlobalSection(ExtensibilityGlobals) = postSolution
		SolutionGuid = {F6543117-D7F6-4399-9B8B-33F60C7A8ADF}
	EndGlobalSection
EndGlobal
